
Microsoft Visual Studio Solution File, Format Version 12.00
# Visual Studio Version 17
VisualStudioVersion = 17.10.35122.118
MinimumVisualStudioVersion = 10.0.40219.1
Project("{FAE04EC0-301F-11D3-BF4B-00C04F79EFBC}") = "PokemonAPI", "PokemonAPI.csproj", "{DAF96770-99E6-42B0-9BCE-9A36799108FB}"
EndProject
Global
	GlobalSection(SolutionConfigurationPlatforms) = preSolution
		Debug|Any CPU = Debug|Any CPU
		Release|Any CPU = Release|Any CPU
	EndGlobalSection
	GlobalSection(ProjectConfigurationPlatforms) = postSolution
		{DAF96770-99E6-42B0-9BCE-9A36799108FB}.Debug|Any CPU.ActiveCfg = Debug|Any CPU
		{DAF96770-99E6-42B0-9BCE-9A36799108FB}.Debug|Any CPU.Build.0 = Debug|Any CPU
		{DAF96770-99E6-42B0-9BCE-9A36799108FB}.Release|Any CPU.ActiveCfg = Release|Any CPU
		{DAF96770-99E6-42B0-9BCE-9A36799108FB}.Release|Any CPU.Build.0 = Release|Any CPU
	EndGlobalSection
	GlobalSection(SolutionProperties) = preSolution
		HideSolutionNode = FALSE
	EndGlobalSection
	GlobalSection(ExtensibilityGlobals) = postSolution
		SolutionGuid = {964B8164-3F8D-46DD-8307-0499E5BB29A8}
	EndGlobalSection
EndGlobal
